
Microsoft Visual Studio Solution File, Format Version 12.00
# Visual Studio Version 16
VisualStudioVersion = 16.0.31702.278
MinimumVisualStudioVersion = 10.0.40219.1
Project("{FAE04EC0-301F-11D3-BF4B-00C04F79EFBC}") = "Portal", "ConsoleBank\Portal.csproj", "{43020E58-15D8-4442-A444-D5912C7C59D6}"
EndProject
Project("{FAE04EC0-301F-11D3-BF4B-00C04F79EFBC}") = "Currencies", "Currencies\Currencies.csproj", "{9CCAB5E8-6D61-420D-B8BD-CA1E5B969C6B}"
EndProject
Global
	GlobalSection(SolutionConfigurationPlatforms) = preSolution
		Debug|Any CPU = Debug|Any CPU
		Release|Any CPU = Release|Any CPU
	EndGlobalSection
	GlobalSection(ProjectConfigurationPlatforms) = postSolution
		{43020E58-15D8-4442-A444-D5912C7C59D6}.Debug|Any CPU.ActiveCfg = Debug|Any CPU
		{43020E58-15D8-4442-A444-D5912C7C59D6}.Debug|Any CPU.Build.0 = Debug|Any CPU
		{43020E58-15D8-4442-A444-D5912C7C59D6}.Release|Any CPU.ActiveCfg = Release|Any CPU
		{43020E58-15D8-4442-A444-D5912C7C59D6}.Release|Any CPU.Build.0 = Release|Any CPU
		{9CCAB5E8-6D61-420D-B8BD-CA1E5B969C6B}.Debug|Any CPU.ActiveCfg = Debug|Any CPU
		{9CCAB5E8-6D61-420D-B8BD-CA1E5B969C6B}.Debug|Any CPU.Build.0 = Debug|Any CPU
		{9CCAB5E8-6D61-420D-B8BD-CA1E5B969C6B}.Release|Any CPU.ActiveCfg = Release|Any CPU
		{9CCAB5E8-6D61-420D-B8BD-CA1E5B969C6B}.Release|Any CPU.Build.0 = Release|Any CPU
	EndGlobalSection
	GlobalSection(SolutionProperties) = preSolution
		HideSolutionNode = FALSE
	EndGlobalSection
	GlobalSection(ExtensibilityGlobals) = postSolution
		SolutionGuid = {2BFFD05C-5243-45BF-8C7A-DA346140FEEC}
	EndGlobalSection
EndGlobal
